// !$*UTF8*$!
{
	archiveVersion = 1;
	classes = {
	};
	objectVersion = 46;
	objects = {

/* Begin PBXBuildFile section */
		41CCB7911C70FBDC004F64FF /* AppDelegate.swift in Sources */ = {isa = PBXBuildFile; fileRef = 41CCB7901C70FBDC004F64FF /* AppDelegate.swift */; };
		41CCB7931C70FBDC004F64FF /* ViewController.swift in Sources */ = {isa = PBXBuildFile; fileRef = 41CCB7921C70FBDC004F64FF /* ViewController.swift */; };
		41CCB7961C70FBDC004F64FF /* Main.storyboard in Resources */ = {isa = PBXBuildFile; fileRef = 41CCB7941C70FBDC004F64FF /* Main.storyboard */; };
		41CCB7981C70FBDC004F64FF /* Images.xcassets in Resources */ = {isa = PBXBuildFile; fileRef = 41CCB7971C70FBDC004F64FF /* Images.xcassets */; };
		41CCB79B1C70FBDC004F64FF /* LaunchScreen.xib in Resources */ = {isa = PBXBuildFile; fileRef = 41CCB7991C70FBDC004F64FF /* LaunchScreen.xib */; };
		41CCB7A71C70FBDD004F64FF /* workFlow_prototypeTests.swift in Sources */ = {isa = PBXBuildFile; fileRef = 41CCB7A61C70FBDD004F64FF /* workFlow_prototypeTests.swift */; };
		41CCB7B81C70FC37004F64FF /* Home 1024 x 768@2x.png in Resources */ = {isa = PBXBuildFile; fileRef = 41CCB7B01C70FC37004F64FF /* Home 1024 x 768@2x.png */; };
		41CCB7B91C70FC37004F64FF /* Intput New - Jobflow - Architecture 1024 x 768@2x.png in Resources */ = {isa = PBXBuildFile; fileRef = 41CCB7B11C70FC37004F64FF /* Intput New - Jobflow - Architecture 1024 x 768@2x.png */; };
		41CCB7BA1C70FC37004F64FF /* Intput New - Jobflow - Supplier - Architecture 1024 x 768 Copy@2x.png in Resources */ = {isa = PBXBuildFile; fileRef = 41CCB7B21C70FC37004F64FF /* Intput New - Jobflow - Supplier - Architecture 1024 x 768 Copy@2x.png */; };
		41CCB7BB1C70FC37004F64FF /* Intputs - Architecture 1024 x 768@2x.png in Resources */ = {isa = PBXBuildFile; fileRef = 41CCB7B31C70FC37004F64FF /* Intputs - Architecture 1024 x 768@2x.png */; };
		41CCB7BC1C70FC37004F64FF /* Launch 1024 x 768@2x.png in Resources */ = {isa = PBXBuildFile; fileRef = 41CCB7B41C70FC37004F64FF /* Launch 1024 x 768@2x.png */; };
		41CCB7BD1C70FC37004F64FF /* Outputs - Admin - 1024 x 768 Copy@2x.png in Resources */ = {isa = PBXBuildFile; fileRef = 41CCB7B51C70FC37004F64FF /* Outputs - Admin - 1024 x 768 Copy@2x.png */; };
		41CCB7BE1C70FC37004F64FF /* Outputs - Graphical - 1024 x 768@2x.png in Resources */ = {isa = PBXBuildFile; fileRef = 41CCB7B61C70FC37004F64FF /* Outputs - Graphical - 1024 x 768@2x.png */; };
		41CCB7BF1C70FC37004F64FF /* Outputs -allUsers - 1024 x 768@2x.png in Resources */ = {isa = PBXBuildFile; fileRef = 41CCB7B71C70FC37004F64FF /* Outputs -allUsers - 1024 x 768@2x.png */; };
/* End PBXBuildFile section */

/* Begin PBXContainerItemProxy section */
		41CCB7A11C70FBDD004F64FF /* PBXContainerItemProxy */ = {
			isa = PBXContainerItemProxy;
			containerPortal = 41CCB7831C70FBDC004F64FF /* Project object */;
			proxyType = 1;
			remoteGlobalIDString = 41CCB78A1C70FBDC004F64FF;
			remoteInfo = workFlow_prototype;
		};
/* End PBXContainerItemProxy section */

/* Begin PBXFileReference section */
		41CCB78B1C70FBDC004F64FF /* workFlow_prototype.app */ = {isa = PBXFileReference; explicitFileType = wrapper.application; includeInIndex = 0; path = workFlow_prototype.app; sourceTree = BUILT_PRODUCTS_DIR; };
		41CCB78F1C70FBDC004F64FF /* Info.plist */ = {isa = PBXFileReference; lastKnownFileType = text.plist.xml; path = Info.plist; sourceTree = "<group>"; };
		41CCB7901C70FBDC004F64FF /* AppDelegate.swift */ = {isa = PBXFileReference; lastKnownFileType = sourcecode.swift; path = AppDelegate.swift; sourceTree = "<group>"; };
		41CCB7921C70FBDC004F64FF /* ViewController.swift */ = {isa = PBXFileReference; lastKnownFileType = sourcecode.swift; path = ViewController.swift; sourceTree = "<group>"; };
		41CCB7951C70FBDC004F64FF /* Base */ = {isa = PBXFileReference; lastKnownFileType = file.storyboard; name = Base; path = Base.lproj/Main.storyboard; sourceTree = "<group>"; };
		41CCB7971C70FBDC004F64FF /* Images.xcassets */ = {isa = PBXFileReference; lastKnownFileType = folder.assetcatalog; path = Images.xcassets; sourceTree = "<group>"; };
		41CCB79A1C70FBDC004F64FF /* Base */ = {isa = PBXFileReference; lastKnownFileType = file.xib; name = Base; path = Base.lproj/LaunchScreen.xib; sourceTree = "<group>"; };
		41CCB7A01C70FBDD004F64FF /* workFlow_prototypeTests.xctest */ = {isa = PBXFileReference; explicitFileType = wrapper.cfbundle; includeInIndex = 0; path = workFlow_prototypeTests.xctest; sourceTree = BUILT_PRODUCTS_DIR; };
		41CCB7A51C70FBDD004F64FF /* Info.plist */ = {isa = PBXFileReference; lastKnownFileType = text.plist.xml; path = Info.plist; sourceTree = "<group>"; };
		41CCB7A61C70FBDD004F64FF /* workFlow_prototypeTests.swift */ = {isa = PBXFileReference; lastKnownFileType = sourcecode.swift; path = workFlow_prototypeTests.swift; sourceTree = "<group>"; };
		41CCB7B01C70FC37004F64FF /* Home 1024 x 768@2x.png */ = {isa = PBXFileReference; lastKnownFileType = image.png; name = "Home 1024 x 768@2x.png"; path = "../../../sketchAssets/flatScreens/x2/Home 1024 x 768@2x.png"; sourceTree = "<group>"; };
		41CCB7B11C70FC37004F64FF /* Intput New - Jobflow - Architecture 1024 x 768@2x.png */ = {isa = PBXFileReference; lastKnownFileType = image.png; name = "Intput New - Jobflow - Architecture 1024 x 768@2x.png"; path = "../../../sketchAssets/flatScreens/x2/Intput New - Jobflow - Architecture 1024 x 768@2x.png"; sourceTree = "<group>"; };
		41CCB7B21C70FC37004F64FF /* Intput New - Jobflow - Supplier - Architecture 1024 x 768 Copy@2x.png */ = {isa = PBXFileReference; lastKnownFileType = image.png; name = "Intput New - Jobflow - Supplier - Architecture 1024 x 768 Copy@2x.png"; path = "../../../sketchAssets/flatScreens/x2/Intput New - Jobflow - Supplier - Architecture 1024 x 768 Copy@2x.png"; sourceTree = "<group>"; };
		41CCB7B31C70FC37004F64FF /* Intputs - Architecture 1024 x 768@2x.png */ = {isa = PBXFileReference; lastKnownFileType = image.png; name = "Intputs - Architecture 1024 x 768@2x.png"; path = "../../../sketchAssets/flatScreens/x2/Intputs - Architecture 1024 x 768@2x.png"; sourceTree = "<group>"; };
		41CCB7B41C70FC37004F64FF /* Launch 1024 x 768@2x.png */ = {isa = PBXFileReference; lastKnownFileType = image.png; name = "Launch 1024 x 768@2x.png"; path = "../../../sketchAssets/flatScreens/x2/Launch 1024 x 768@2x.png"; sourceTree = "<group>"; };
		41CCB7B51C70FC37004F64FF /* Outputs - Admin - 1024 x 768 Copy@2x.png */ = {isa = PBXFileReference; lastKnownFileType = image.png; name = "Outputs - Admin - 1024 x 768 Copy@2x.png"; path = "../../../sketchAssets/flatScreens/x2/Outputs - Admin - 1024 x 768 Copy@2x.png"; sourceTree = "<group>"; };
		41CCB7B61C70FC37004F64FF /* Outputs - Graphical - 1024 x 768@2x.png */ = {isa = PBXFileReference; lastKnownFileType = image.png; name = "Outputs - Graphical - 1024 x 768@2x.png"; path = "../../../sketchAssets/flatScreens/x2/Outputs - Graphical - 1024 x 768@2x.png"; sourceTree = "<group>"; };
		41CCB7B71C70FC37004F64FF /* Outputs -allUsers - 1024 x 768@2x.png */ = {isa = PBXFileReference; lastKnownFileType = image.png; name = "Outputs -allUsers - 1024 x 768@2x.png"; path = "../../../sketchAssets/flatScreens/x2/Outputs -allUsers - 1024 x 768@2x.png"; sourceTree = "<group>"; };
/* End PBXFileReference section */

/* Begin PBXFrameworksBuildPhase section */
		41CCB7881C70FBDC004F64FF /* Frameworks */ = {
			isa = PBXFrameworksBuildPhase;
			buildActionMask = 2147483647;
			files = (
			);
			runOnlyForDeploymentPostprocessing = 0;
		};
		41CCB79D1C70FBDC004F64FF /* Frameworks */ = {
			isa = PBXFrameworksBuildPhase;
			buildActionMask = 2147483647;
			files = (
			);
			runOnlyForDeploymentPostprocessing = 0;
		};
/* End PBXFrameworksBuildPhase section */

/* Begin PBXGroup section */
		41CCB7821C70FBDC004F64FF = {
			isa = PBXGroup;
			children = (
				41CCB78D1C70FBDC004F64FF /* workFlow_prototype */,
				41CCB7A31C70FBDD004F64FF /* workFlow_prototypeTests */,
				41CCB78C1C70FBDC004F64FF /* Products */,
			);
			sourceTree = "<group>";
		};
		41CCB78C1C70FBDC004F64FF /* Products */ = {
			isa = PBXGroup;
			children = (
				41CCB78B1C70FBDC004F64FF /* workFlow_prototype.app */,
				41CCB7A01C70FBDD004F64FF /* workFlow_prototypeTests.xctest */,
			);
			name = Products;
			sourceTree = "<group>";
		};
		41CCB78D1C70FBDC004F64FF /* workFlow_prototype */ = {
			isa = PBXGroup;
			children = (
				41CCB7901C70FBDC004F64FF /* AppDelegate.swift */,
				41CCB7C01C70FC40004F64FF /* PageFlats */,
				41CCB7921C70FBDC004F64FF /* ViewController.swift */,
				41CCB7941C70FBDC004F64FF /* Main.storyboard */,
				41CCB7971C70FBDC004F64FF /* Images.xcassets */,
				41CCB7991C70FBDC004F64FF /* LaunchScreen.xib */,
				41CCB78E1C70FBDC004F64FF /* Supporting Files */,
			);
			path = workFlow_prototype;
			sourceTree = "<group>";
		};
		41CCB78E1C70FBDC004F64FF /* Supporting Files */ = {
			isa = PBXGroup;
			children = (
				41CCB78F1C70FBDC004F64FF /* Info.plist */,
			);
			name = "Supporting Files";
			sourceTree = "<group>";
		};
		41CCB7A31C70FBDD004F64FF /* workFlow_prototypeTests */ = {
			isa = PBXGroup;
			children = (
				41CCB7A61C70FBDD004F64FF /* workFlow_prototypeTests.swift */,
				41CCB7A41C70FBDD004F64FF /* Supporting Files */,
			);
			path = workFlow_prototypeTests;
			sourceTree = "<group>";
		};
		41CCB7A41C70FBDD004F64FF /* Supporting Files */ = {
			isa = PBXGroup;
			children = (
				41CCB7A51C70FBDD004F64FF /* Info.plist */,
			);
			name = "Supporting Files";
			sourceTree = "<group>";
		};
		41CCB7C01C70FC40004F64FF /* PageFlats */ = {
			isa = PBXGroup;
			children = (
				41CCB7B01C70FC37004F64FF /* Home 1024 x 768@2x.png */,
				41CCB7B11C70FC37004F64FF /* Intput New - Jobflow - Architecture 1024 x 768@2x.png */,
				41CCB7B21C70FC37004F64FF /* Intput New - Jobflow - Supplier - Architecture 1024 x 768 Copy@2x.png */,
				41CCB7B31C70FC37004F64FF /* Intputs - Architecture 1024 x 768@2x.png */,
				41CCB7B41C70FC37004F64FF /* Launch 1024 x 768@2x.png */,
				41CCB7B51C70FC37004F64FF /* Outputs - Admin - 1024 x 768 Copy@2x.png */,
				41CCB7B61C70FC37004F64FF /* Outputs - Graphical - 1024 x 768@2x.png */,
				41CCB7B71C70FC37004F64FF /* Outputs -allUsers - 1024 x 768@2x.png */,
			);
			name = PageFlats;
			sourceTree = "<group>";
		};
/* End PBXGroup section */

/* Begin PBXNativeTarget section */
		41CCB78A1C70FBDC004F64FF /* workFlow_prototype */ = {
			isa = PBXNativeTarget;
			buildConfigurationList = 41CCB7AA1C70FBDD004F64FF /* Build configuration list for PBXNativeTarget "workFlow_prototype" */;
			buildPhases = (
				41CCB7871C70FBDC004F64FF /* Sources */,
				41CCB7881C70FBDC004F64FF /* Frameworks */,
				41CCB7891C70FBDC004F64FF /* Resources */,
			);
			buildRules = (
			);
			dependencies = (
			);
			name = workFlow_prototype;
			productName = workFlow_prototype;
			productReference = 41CCB78B1C70FBDC004F64FF /* workFlow_prototype.app */;
			productType = "com.apple.product-type.application";
		};
		41CCB79F1C70FBDC004F64FF /* workFlow_prototypeTests */ = {
			isa = PBXNativeTarget;
			buildConfigurationList = 41CCB7AD1C70FBDD004F64FF /* Build configuration list for PBXNativeTarget "workFlow_prototypeTests" */;
			buildPhases = (
				41CCB79C1C70FBDC004F64FF /* Sources */,
				41CCB79D1C70FBDC004F64FF /* Frameworks */,
				41CCB79E1C70FBDC004F64FF /* Resources */,
			);
			buildRules = (
			);
			dependencies = (
				41CCB7A21C70FBDD004F64FF /* PBXTargetDependency */,
			);
			name = workFlow_prototypeTests;
			productName = workFlow_prototypeTests;
			productReference = 41CCB7A01C70FBDD004F64FF /* workFlow_prototypeTests.xctest */;
			productType = "com.apple.product-type.bundle.unit-test";
		};
/* End PBXNativeTarget section */

/* Begin PBXProject section */
		41CCB7831C70FBDC004F64FF /* Project object */ = {
			isa = PBXProject;
			attributes = {
				LastUpgradeCheck = 0630;
				ORGANIZATIONNAME = richardshill;
				TargetAttributes = {
					41CCB78A1C70FBDC004F64FF = {
						CreatedOnToolsVersion = 6.3.1;
					};
					41CCB79F1C70FBDC004F64FF = {
						CreatedOnToolsVersion = 6.3.1;
						TestTargetID = 41CCB78A1C70FBDC004F64FF;
					};
				};
			};
			buildConfigurationList = 41CCB7861C70FBDC004F64FF /* Build configuration list for PBXProject "workFlow_prototype" */;
			compatibilityVersion = "Xcode 3.2";
			developmentRegion = English;
			hasScannedForEncodings = 0;
			knownRegions = (
				en,
				Base,
			);
			mainGroup = 41CCB7821C70FBDC004F64FF;
			productRefGroup = 41CCB78C1C70FBDC004F64FF /* Products */;
			projectDirPath = "";
			projectRoot = "";
			targets = (
				41CCB78A1C70FBDC004F64FF /* workFlow_prototype */,
				41CCB79F1C70FBDC004F64FF /* workFlow_prototypeTests */,
			);
		};
/* End PBXProject section */

/* Begin PBXResourcesBuildPhase section */
		41CCB7891C70FBDC004F64FF /* Resources */ = {
			isa = PBXResourcesBuildPhase;
			buildActionMask = 2147483647;
			files = (
				41CCB7B81C70FC37004F64FF /* Home 1024 x 768@2x.png in Resources */,
				41CCB7B91C70FC37004F64FF /* Intput New - Jobflow - Architecture 1024 x 768@2x.png in Resources */,
				41CCB7BB1C70FC37004F64FF /* Intputs - Architecture 1024 x 768@2x.png in Resources */,
				41CCB7BE1C70FC37004F64FF /* Outputs - Graphical - 1024 x 768@2x.png in Resources */,
				41CCB7BF1C70FC37004F64FF /* Outputs -allUsers - 1024 x 768@2x.png in Resources */,
				41CCB7961C70FBDC004F64FF /* Main.storyboard in Resources */,
				41CCB7BD1C70FC37004F64FF /* Outputs - Admin - 1024 x 768 Copy@2x.png in Resources */,
				41CCB7BC1C70FC37004F64FF /* Launch 1024 x 768@2x.png in Resources */,
				41CCB79B1C70FBDC004F64FF /* LaunchScreen.xib in Resources */,
				41CCB7BA1C70FC37004F64FF /* Intput New - Jobflow - Supplier - Architecture 1024 x 768 Copy@2x.png in Resources */,
				41CCB7981C70FBDC004F64FF /* Images.xcassets in Resources */,
			);
			runOnlyForDeploymentPostprocessing = 0;
		};
		41CCB79E1C70FBDC004F64FF /* Resources */ = {
			isa = PBXResourcesBuildPhase;
			buildActionMask = 2147483647;
			files = (
			);
			runOnlyForDeploymentPostprocessing = 0;
		};
/* End PBXResourcesBuildPhase section */

/* Begin PBXSourcesBuildPhase section */
		41CCB7871C70FBDC004F64FF /* Sources */ = {
			isa = PBXSourcesBuildPhase;
			buildActionMask = 2147483647;
			files = (
				41CCB7931C70FBDC004F64FF /* ViewController.swift in Sources */,
				41CCB7911C70FBDC004F64FF /* AppDelegate.swift in Sources */,
			);
			runOnlyForDeploymentPostprocessing = 0;
		};
		41CCB79C1C70FBDC004F64FF /* Sources */ = {
			isa = PBXSourcesBuildPhase;
			buildActionMask = 2147483647;
			files = (
				41CCB7A71C70FBDD004F64FF /* workFlow_prototypeTests.swift in Sources */,
			);
			runOnlyForDeploymentPostprocessing = 0;
		};
/* End PBXSourcesBuildPhase section */

/* Begin PBXTargetDependency section */
		41CCB7A21C70FBDD004F64FF /* PBXTargetDependency */ = {
			isa = PBXTargetDependency;
			target = 41CCB78A1C70FBDC004F64FF /* workFlow_prototype */;
			targetProxy = 41CCB7A11C70FBDD004F64FF /* PBXContainerItemProxy */;
		};
/* End PBXTargetDependency section */

/* Begin PBXVariantGroup section */
		41CCB7941C70FBDC004F64FF /* Main.storyboard */ = {
			isa = PBXVariantGroup;
			children = (
				41CCB7951C70FBDC004F64FF /* Base */,
			);
			name = Main.storyboard;
			sourceTree = "<group>";
		};
		41CCB7991C70FBDC004F64FF /* LaunchScreen.xib */ = {
			isa = PBXVariantGroup;
			children = (
				41CCB79A1C70FBDC004F64FF /* Base */,
			);
			name = LaunchScreen.xib;
			sourceTree = "<group>";
		};
/* End PBXVariantGroup section */

/* Begin XCBuildConfiguration section */
		41CCB7A81C70FBDD004F64FF /* Debug */ = {
			isa = XCBuildConfiguration;
			buildSettings = {
				ALWAYS_SEARCH_USER_PATHS = NO;
				CLANG_CXX_LANGUAGE_STANDARD = "gnu++0x";
				CLANG_CXX_LIBRARY = "libc++";
				CLANG_ENABLE_MODULES = YES;
				CLANG_ENABLE_OBJC_ARC = YES;
				CLANG_WARN_BOOL_CONVERSION = YES;
				CLANG_WARN_CONSTANT_CONVERSION = YES;
				CLANG_WARN_DIRECT_OBJC_ISA_USAGE = YES_ERROR;
				CLANG_WARN_EMPTY_BODY = YES;
				CLANG_WARN_ENUM_CONVERSION = YES;
				CLANG_WARN_INT_CONVERSION = YES;
				CLANG_WARN_OBJC_ROOT_CLASS = YES_ERROR;
				CLANG_WARN_UNREACHABLE_CODE = YES;
				CLANG_WARN__DUPLICATE_METHOD_MATCH = YES;
				"CODE_SIGN_IDENTITY[sdk=iphoneos*]" = "iPhone Developer";
				COPY_PHASE_STRIP = NO;
				DEBUG_INFORMATION_FORMAT = "dwarf-with-dsym";
				ENABLE_STRICT_OBJC_MSGSEND = YES;
				GCC_C_LANGUAGE_STANDARD = gnu99;
				GCC_DYNAMIC_NO_PIC = NO;
				GCC_NO_COMMON_BLOCKS = YES;
				GCC_OPTIMIZATION_LEVEL = 0;
				GCC_PREPROCESSOR_DEFINITIONS = (
					"DEBUG=1",
					"$(inherited)",
				);
				GCC_SYMBOLS_PRIVATE_EXTERN = NO;
				GCC_WARN_64_TO_32_BIT_CONVERSION = YES;
				GCC_WARN_ABOUT_RETURN_TYPE = YES_ERROR;
				GCC_WARN_UNDECLARED_SELECTOR = YES;
				GCC_WARN_UNINITIALIZED_AUTOS = YES_AGGRESSIVE;
				GCC_WARN_UNUSED_FUNCTION = YES;
				GCC_WARN_UNUSED_VARIABLE = YES;
				IPHONEOS_DEPLOYMENT_TARGET = 8.3;
				MTL_ENABLE_DEBUG_INFO = YES;
				ONLY_ACTIVE_ARCH = YES;
				SDKROOT = iphoneos;
				SWIFT_OPTIMIZATION_LEVEL = "-Onone";
				TARGETED_DEVICE_FAMILY = 2;
			};
			name = Debug;
		};
		41CCB7A91C70FBDD004F64FF /* Release */ = {
			isa = XCBuildConfiguration;
			buildSettings = {
				ALWAYS_SEARCH_USER_PATHS = NO;
				CLANG_CXX_LANGUAGE_STANDARD = "gnu++0x";
				CLANG_CXX_LIBRARY = "libc++";
				CLANG_ENABLE_MODULES = YES;
				CLANG_ENABLE_OBJC_ARC = YES;
				CLANG_WARN_BOOL_CONVERSION = YES;
				CLANG_WARN_CONSTANT_CONVERSION = YES;
				CLANG_WARN_DIRECT_OBJC_ISA_USAGE = YES_ERROR;
				CLANG_WARN_EMPTY_BODY = YES;
				CLANG_WARN_ENUM_CONVERSION = YES;
				CLANG_WARN_INT_CONVERSION = YES;
				CLANG_WARN_OBJC_ROOT_CLASS = YES_ERROR;
				CLANG_WARN_UNREACHABLE_CODE = YES;
				CLANG_WARN__DUPLICATE_METHOD_MATCH = YES;
				"CODE_SIGN_IDENTITY[sdk=iphoneos*]" = "iPhone Developer";
				COPY_PHASE_STRIP = NO;
				DEBUG_INFORMATION_FORMAT = "dwarf-with-dsym";
				ENABLE_NS_ASSERTIONS = NO;
				ENABLE_STRICT_OBJC_MSGSEND = YES;
				GCC_C_LANGUAGE_STANDARD = gnu99;
				GCC_NO_COMMON_BLOCKS = YES;
				GCC_WARN_64_TO_32_BIT_CONVERSION = YES;
				GCC_WARN_ABOUT_RETURN_TYPE = YES_ERROR;
				GCC_WARN_UNDECLARED_SELECTOR = YES;
				GCC_WARN_UNINITIALIZED_AUTOS = YES_AGGRESSIVE;
				GCC_WARN_UNUSED_FUNCTION = YES;
				GCC_WARN_UNUSED_VARIABLE = YES;
				IPHONEOS_DEPLOYMENT_TARGET = 8.3;
				MTL_ENABLE_DEBUG_INFO = NO;
				SDKROOT = iphoneos;
				TARGETED_DEVICE_FAMILY = 2;
				VALIDATE_PRODUCT = YES;
			};
			name = Release;
		};
		41CCB7AB1C70FBDD004F64FF /* Debug */ = {
			isa = XCBuildConfiguration;
			buildSettings = {
				ASSETCATALOG_COMPILER_APPICON_NAME = AppIcon;
				INFOPLIST_FILE = workFlow_prototype/Info.plist;
				LD_RUNPATH_SEARCH_PATHS = "$(inherited) @executable_path/Frameworks";
				PRODUCT_NAME = "$(TARGET_NAME)";
			};
			name = Debug;
		};
		41CCB7AC1C70FBDD004F64FF /* Release */ = {
			isa = XCBuildConfiguration;
			buildSettings = {
				ASSETCATALOG_COMPILER_APPICON_NAME = AppIcon;
				INFOPLIST_FILE = workFlow_prototype/Info.plist;
				LD_RUNPATH_SEARCH_PATHS = "$(inherited) @executable_path/Frameworks";
				PRODUCT_NAME = "$(TARGET_NAME)";
			};
			name = Release;
		};
		41CCB7AE1C70FBDD004F64FF /* Debug */ = {
			isa = XCBuildConfiguration;
			buildSettings = {
				BUNDLE_LOADER = "$(TEST_HOST)";
				FRAMEWORK_SEARCH_PATHS = (
					"$(SDKROOT)/Developer/Library/Frameworks",
					"$(inherited)",
				);
				GCC_PREPROCESSOR_DEFINITIONS = (
					"DEBUG=1",
					"$(inherited)",
				);
				INFOPLIST_FILE = workFlow_prototypeTests/Info.plist;
				LD_RUNPATH_SEARCH_PATHS = "$(inherited) @executable_path/Frameworks @loader_path/Frameworks";
				PRODUCT_NAME = "$(TARGET_NAME)";
				TEST_HOST = "$(BUILT_PRODUCTS_DIR)/workFlow_prototype.app/workFlow_prototype";
			};
			name = Debug;
		};
		41CCB7AF1C70FBDD004F64FF /* Release */ = {
			isa = XCBuildConfiguration;
			buildSettings = {
				BUNDLE_LOADER = "$(TEST_HOST)";
				FRAMEWORK_SEARCH_PATHS = (
					"$(SDKROOT)/Developer/Library/Frameworks",
					"$(inherited)",
				);
				INFOPLIST_FILE = workFlow_prototypeTests/Info.plist;
				LD_RUNPATH_SEARCH_PATHS = "$(inherited) @executable_path/Frameworks @loader_path/Frameworks";
				PRODUCT_NAME = "$(TARGET_NAME)";
				TEST_HOST = "$(BUILT_PRODUCTS_DIR)/workFlow_prototype.app/workFlow_prototype";
			};
			name = Release;
		};
/* End XCBuildConfiguration section */

/* Begin XCConfigurationList section */
		41CCB7861C70FBDC004F64FF /* Build configuration list for PBXProject "workFlow_prototype" */ = {
			isa = XCConfigurationList;
			buildConfigurations = (
				41CCB7A81C70FBDD004F64FF /* Debug */,
				41CCB7A91C70FBDD004F64FF /* Release */,
			);
			defaultConfigurationIsVisible = 0;
			defaultConfigurationName = Release;
		};
		41CCB7AA1C70FBDD004F64FF /* Build configuration list for PBXNativeTarget "workFlow_prototype" */ = {
			isa = XCConfigurationList;
			buildConfigurations = (
				41CCB7AB1C70FBDD004F64FF /* Debug */,
				41CCB7AC1C70FBDD004F64FF /* Release */,
			);
			defaultConfigurationIsVisible = 0;
		};
		41CCB7AD1C70FBDD004F64FF /* Build configuration list for PBXNativeTarget "workFlow_prototypeTests" */ = {
			isa = XCConfigurationList;
			buildConfigurations = (
				41CCB7AE1C70FBDD004F64FF /* Debug */,
				41CCB7AF1C70FBDD004F64FF /* Release */,
			);
			defaultConfigurationIsVisible = 0;
		};
/* End XCConfigurationList section */
	};
	rootObject = 41CCB7831C70FBDC004F64FF /* Project object */;
}
